
Microsoft Visual Studio Solution File, Format Version 12.00
# Visual Studio 15
VisualStudioVersion = 15.0.26430.15
MinimumVisualStudioVersion = 10.0.40219.1
Project("{FAE04EC0-301F-11D3-BF4B-00C04F79EFBC}") = "SocialType", "SocialType\SocialType.csproj", "{9C86D48E-3ACA-4334-B257-B5157D35B087}"
EndProject
Project("{FAE04EC0-301F-11D3-BF4B-00C04F79EFBC}") = "LocationControllerUnitTest", "LocationControllerUnitTest\LocationControllerUnitTest.csproj", "{6352CBE2-D80B-49CC-B36F-E0770A5FA06A}"
EndProject
Global
	GlobalSection(SolutionConfigurationPlatforms) = preSolution
		Debug|Any CPU = Debug|Any CPU
		Release|Any CPU = Release|Any CPU
	EndGlobalSection
	GlobalSection(ProjectConfigurationPlatforms) = postSolution
		{9C86D48E-3ACA-4334-B257-B5157D35B087}.Debug|Any CPU.ActiveCfg = Debug|Any CPU
		{9C86D48E-3ACA-4334-B257-B5157D35B087}.Debug|Any CPU.Build.0 = Debug|Any CPU
		{9C86D48E-3ACA-4334-B257-B5157D35B087}.Release|Any CPU.ActiveCfg = Release|Any CPU
		{9C86D48E-3ACA-4334-B257-B5157D35B087}.Release|Any CPU.Build.0 = Release|Any CPU
		{6352CBE2-D80B-49CC-B36F-E0770A5FA06A}.Debug|Any CPU.ActiveCfg = Debug|Any CPU
		{6352CBE2-D80B-49CC-B36F-E0770A5FA06A}.Debug|Any CPU.Build.0 = Debug|Any CPU
		{6352CBE2-D80B-49CC-B36F-E0770A5FA06A}.Release|Any CPU.ActiveCfg = Release|Any CPU
		{6352CBE2-D80B-49CC-B36F-E0770A5FA06A}.Release|Any CPU.Build.0 = Release|Any CPU
	EndGlobalSection
	GlobalSection(SolutionProperties) = preSolution
		HideSolutionNode = FALSE
	EndGlobalSection
EndGlobal
